
Microsoft Visual Studio Solution File, Format Version 12.00
# Visual Studio Version 17
VisualStudioVersion = 17.13.35828.75 d17.13
MinimumVisualStudioVersion = 10.0.40219.1
Project("{FAE04EC0-301F-11D3-BF4B-00C04F79EFBC}") = "SwitchNumbers", "SwitchNumbers\SwitchNumbers.csproj", "{1CFA3FFF-1BE2-41AF-93F7-98D512A2D4D0}"
EndProject
Global
	GlobalSection(SolutionConfigurationPlatforms) = preSolution
		Debug|Any CPU = Debug|Any CPU
		Release|Any CPU = Release|Any CPU
	EndGlobalSection
	GlobalSection(ProjectConfigurationPlatforms) = postSolution
		{1CFA3FFF-1BE2-41AF-93F7-98D512A2D4D0}.Debug|Any CPU.ActiveCfg = Debug|Any CPU
		{1CFA3FFF-1BE2-41AF-93F7-98D512A2D4D0}.Debug|Any CPU.Build.0 = Debug|Any CPU
		{1CFA3FFF-1BE2-41AF-93F7-98D512A2D4D0}.Release|Any CPU.ActiveCfg = Release|Any CPU
		{1CFA3FFF-1BE2-41AF-93F7-98D512A2D4D0}.Release|Any CPU.Build.0 = Release|Any CPU
	EndGlobalSection
	GlobalSection(SolutionProperties) = preSolution
		HideSolutionNode = FALSE
	EndGlobalSection
	GlobalSection(ExtensibilityGlobals) = postSolution
		SolutionGuid = {7D482F51-7987-47A5-9FE8-20A2625E487D}
	EndGlobalSection
EndGlobal
