
Microsoft Visual Studio Solution File, Format Version 12.00
# Visual Studio Version 17
VisualStudioVersion = 17.13.35828.75 d17.13
MinimumVisualStudioVersion = 10.0.40219.1
Project("{FAE04EC0-301F-11D3-BF4B-00C04F79EFBC}") = "KujundiKalkulaator", "KujundiKalkulaator\KujundiKalkulaator.csproj", "{B88B60A4-BF41-4B21-A063-812AE465CAB1}"
EndProject
Global
	GlobalSection(SolutionConfigurationPlatforms) = preSolution
		Debug|Any CPU = Debug|Any CPU
		Release|Any CPU = Release|Any CPU
	EndGlobalSection
	GlobalSection(ProjectConfigurationPlatforms) = postSolution
		{B88B60A4-BF41-4B21-A063-812AE465CAB1}.Debug|Any CPU.ActiveCfg = Debug|Any CPU
		{B88B60A4-BF41-4B21-A063-812AE465CAB1}.Debug|Any CPU.Build.0 = Debug|Any CPU
		{B88B60A4-BF41-4B21-A063-812AE465CAB1}.Release|Any CPU.ActiveCfg = Release|Any CPU
		{B88B60A4-BF41-4B21-A063-812AE465CAB1}.Release|Any CPU.Build.0 = Release|Any CPU
	EndGlobalSection
	GlobalSection(SolutionProperties) = preSolution
		HideSolutionNode = FALSE
	EndGlobalSection
	GlobalSection(ExtensibilityGlobals) = postSolution
		SolutionGuid = {415A52D0-DA28-4629-88F8-CAA9C9E2244D}
	EndGlobalSection
EndGlobal
