
Microsoft Visual Studio Solution File, Format Version 12.00
# Visual Studio Version 17
VisualStudioVersion = 17.13.35828.75 d17.13
MinimumVisualStudioVersion = 10.0.40219.1
Project("{FAE04EC0-301F-11D3-BF4B-00C04F79EFBC}") = "AnimalLength", "AnimalLength\AnimalLength.csproj", "{28B9F15C-16B7-47BB-B3EA-2D6233E865A2}"
EndProject
Global
	GlobalSection(SolutionConfigurationPlatforms) = preSolution
		Debug|Any CPU = Debug|Any CPU
		Release|Any CPU = Release|Any CPU
	EndGlobalSection
	GlobalSection(ProjectConfigurationPlatforms) = postSolution
		{28B9F15C-16B7-47BB-B3EA-2D6233E865A2}.Debug|Any CPU.ActiveCfg = Debug|Any CPU
		{28B9F15C-16B7-47BB-B3EA-2D6233E865A2}.Debug|Any CPU.Build.0 = Debug|Any CPU
		{28B9F15C-16B7-47BB-B3EA-2D6233E865A2}.Release|Any CPU.ActiveCfg = Release|Any CPU
		{28B9F15C-16B7-47BB-B3EA-2D6233E865A2}.Release|Any CPU.Build.0 = Release|Any CPU
	EndGlobalSection
	GlobalSection(SolutionProperties) = preSolution
		HideSolutionNode = FALSE
	EndGlobalSection
	GlobalSection(ExtensibilityGlobals) = postSolution
		SolutionGuid = {394AB4DD-8597-463F-8B09-5C0F29A88ECB}
	EndGlobalSection
EndGlobal
